{
  "name": "@whiteslove/geo-catalog",
  "version": "0.9.0",
  "lockfileVersion": 3,
  "requires": true,
  "packages": {
    "": {
      "name": "@whiteslove/geo-catalog",
      "version": "0.9.0",
      "license": "MIT",
      "devDependencies": {
        "@whiteslove/parsing-lexicon": "0.6.14"
      },
      "engines": {
        "node": ">=20"
      }
    },
    "node_modules/@whiteslove/parsing-lexicon": {
      "version": "0.6.14",
      "resolved": "https://registry.npmjs.org/@whiteslove/parsing-lexicon/-/parsing-lexicon-0.6.14.tgz",
      "integrity": "sha512-noXkN+dWAKy5WAXrCKS8pJMkhQzk+e37CFh3rY0uIICMNZgJyQ3bE5IwPPXuoymuNCtqzi6SY5v0D1Otl3K+ng==",
      "dev": true,
      "license": "MIT",
      "dependencies": {
        "libphonenumber-js": "^1.11.20"
      },
      "engines": {
        "node": ">=20"
      }
    },
    "node_modules/libphonenumber-js": {
      "version": "1.13.12",
      "resolved": "https://registry.npmjs.org/libphonenumber-js/-/libphonenumber-js-1.13.12.tgz",
      "integrity": "sha512-uLVeV1c9OTk6qkdqnj+mpMD+ZdnZ0szVyWu58HwMmpwkHA1gCEkyjd3veZQXDnuw9KEwSRjcc9B1pS9XKIN1fA==",
      "dev": true,
      "license": "MIT"
    }
  }
}
