{
  "name": "@whiteslove/geo-catalog",
  "version": "0.9.11",
  "lockfileVersion": 3,
  "requires": true,
  "packages": {
    "": {
      "name": "@whiteslove/geo-catalog",
      "version": "0.9.11",
      "license": "MIT",
      "devDependencies": {
        "@whiteslove/parsing-lexicon": "^0.8.0"
      },
      "engines": {
        "node": ">=20"
      }
    },
    "node_modules/@whiteslove/parsing-lexicon": {
      "version": "0.8.0",
      "resolved": "https://registry.npmjs.org/@whiteslove/parsing-lexicon/-/parsing-lexicon-0.8.0.tgz",
      "integrity": "sha512-xifDbvNjJ4oOLeBdpUrveb8FRhtIj6VIQCgyi2vEhnZ+b2RnUZbf3BgM84p5AOst1Dsv9+PlUbBjwQ/icaiQrg==",
      "dev": true,
      "license": "MIT",
      "dependencies": {
        "libphonenumber-js": "^1.11.20"
      },
      "engines": {
        "node": ">=20"
      }
    },
    "node_modules/libphonenumber-js": {
      "version": "1.13.12",
      "resolved": "https://registry.npmjs.org/libphonenumber-js/-/libphonenumber-js-1.13.12.tgz",
      "integrity": "sha512-uLVeV1c9OTk6qkdqnj+mpMD+ZdnZ0szVyWu58HwMmpwkHA1gCEkyjd3veZQXDnuw9KEwSRjcc9B1pS9XKIN1fA==",
      "dev": true,
      "license": "MIT"
    }
  }
}
